
Microsoft Visual Studio Solution File, Format Version 12.00
Project("{FAE04EC0-301F-11D3-BF4B-00C04F79EFBC}") = "ApiGateway", "ApiGateway\ApiGateway.csproj", "{5B8CA87E-A72B-4BCC-A555-70853D6EAB06}"
EndProject
Project("{2150E333-8FDC-42A3-9474-1A3956D46DE8}") = "ApiGateway", "ApiGateway", "{86D93BD1-BFD0-4CC8-B0A5-2118C55A3A1E}"
EndProject
Project("{2150E333-8FDC-42A3-9474-1A3956D46DE8}") = "src", "src", "{DDC72A8F-B814-4EEA-924C-F4F3B0F0A68A}"
EndProject
Project("{2150E333-8FDC-42A3-9474-1A3956D46DE8}") = "UserService", "UserService", "{3BAA229B-097A-41C2-AB93-CB48A49F3EDB}"
EndProject
Project("{FAE04EC0-301F-11D3-BF4B-00C04F79EFBC}") = "UserService.Api", "UserService.Api\UserService.Api.csproj", "{924EF255-3F39-4046-9B02-B3D78F9D7137}"
EndProject
Project("{FAE04EC0-301F-11D3-BF4B-00C04F79EFBC}") = "UserService.Domain", "UserService.Domain\UserService.Domain.csproj", "{D27C06E6-05E5-4A27-A0E5-158C0C849437}"
EndProject
Project("{FAE04EC0-301F-11D3-BF4B-00C04F79EFBC}") = "UserService.Application", "UserService.Application\UserService.Application.csproj", "{CC3DEF44-93BA-410C-AB82-30B61BB5E8EA}"
EndProject
Project("{FAE04EC0-301F-11D3-BF4B-00C04F79EFBC}") = "UserService.Infrastructure", "UserService.Infrastructure\UserService.Infrastructure.csproj", "{3ED99724-EAFF-4FA8-8A6C-0C7F663681F2}"
EndProject
Project("{FAE04EC0-301F-11D3-BF4B-00C04F79EFBC}") = "Common", "Common\Common.csproj", "{1A5D8803-D1D1-4AA8-8348-DCEDC24B17A1}"
EndProject
Project("{2150E333-8FDC-42A3-9474-1A3956D46DE8}") = "AssessmentService", "AssessmentService", "{C23D83DC-5E50-4CE7-A96E-53EEC3E47DF0}"
EndProject
Project("{FAE04EC0-301F-11D3-BF4B-00C04F79EFBC}") = "AssessmentService.Api", "AssessmentService.Api\AssessmentService.Api.csproj", "{FF0E63F6-64E4-4BD6-9D45-CBCEF405882E}"
EndProject
Project("{FAE04EC0-301F-11D3-BF4B-00C04F79EFBC}") = "AssessmentService.Application", "AssessmentService.Application\AssessmentService.Application.csproj", "{55C1B2D8-7A49-4704-96EB-F5FFD7C039B5}"
EndProject
Project("{FAE04EC0-301F-11D3-BF4B-00C04F79EFBC}") = "AssessmentService.Domain", "AssessmentService.Domain\AssessmentService.Domain.csproj", "{3363F6A6-D24B-4755-8852-8AA48D831589}"
EndProject
Project("{FAE04EC0-301F-11D3-BF4B-00C04F79EFBC}") = "AssessmentService.Infrastructure", "AssessmentService.Infrastructure\AssessmentService.Infrastructure.csproj", "{315CC45D-8C4F-46E9-A552-8664BA7614B4}"
EndProject
Global
	GlobalSection(SolutionConfigurationPlatforms) = preSolution
		Debug|Any CPU = Debug|Any CPU
		Release|Any CPU = Release|Any CPU
	EndGlobalSection
	GlobalSection(ProjectConfigurationPlatforms) = postSolution
		{5B8CA87E-A72B-4BCC-A555-70853D6EAB06}.Debug|Any CPU.ActiveCfg = Debug|Any CPU
		{5B8CA87E-A72B-4BCC-A555-70853D6EAB06}.Debug|Any CPU.Build.0 = Debug|Any CPU
		{5B8CA87E-A72B-4BCC-A555-70853D6EAB06}.Release|Any CPU.ActiveCfg = Release|Any CPU
		{5B8CA87E-A72B-4BCC-A555-70853D6EAB06}.Release|Any CPU.Build.0 = Release|Any CPU
		{924EF255-3F39-4046-9B02-B3D78F9D7137}.Debug|Any CPU.ActiveCfg = Debug|Any CPU
		{924EF255-3F39-4046-9B02-B3D78F9D7137}.Debug|Any CPU.Build.0 = Debug|Any CPU
		{924EF255-3F39-4046-9B02-B3D78F9D7137}.Release|Any CPU.ActiveCfg = Release|Any CPU
		{924EF255-3F39-4046-9B02-B3D78F9D7137}.Release|Any CPU.Build.0 = Release|Any CPU
		{D27C06E6-05E5-4A27-A0E5-158C0C849437}.Debug|Any CPU.ActiveCfg = Debug|Any CPU
		{D27C06E6-05E5-4A27-A0E5-158C0C849437}.Debug|Any CPU.Build.0 = Debug|Any CPU
		{D27C06E6-05E5-4A27-A0E5-158C0C849437}.Release|Any CPU.ActiveCfg = Release|Any CPU
		{D27C06E6-05E5-4A27-A0E5-158C0C849437}.Release|Any CPU.Build.0 = Release|Any CPU
		{CC3DEF44-93BA-410C-AB82-30B61BB5E8EA}.Debug|Any CPU.ActiveCfg = Debug|Any CPU
		{CC3DEF44-93BA-410C-AB82-30B61BB5E8EA}.Debug|Any CPU.Build.0 = Debug|Any CPU
		{CC3DEF44-93BA-410C-AB82-30B61BB5E8EA}.Release|Any CPU.ActiveCfg = Release|Any CPU
		{CC3DEF44-93BA-410C-AB82-30B61BB5E8EA}.Release|Any CPU.Build.0 = Release|Any CPU
		{3ED99724-EAFF-4FA8-8A6C-0C7F663681F2}.Debug|Any CPU.ActiveCfg = Debug|Any CPU
		{3ED99724-EAFF-4FA8-8A6C-0C7F663681F2}.Debug|Any CPU.Build.0 = Debug|Any CPU
		{3ED99724-EAFF-4FA8-8A6C-0C7F663681F2}.Release|Any CPU.ActiveCfg = Release|Any CPU
		{3ED99724-EAFF-4FA8-8A6C-0C7F663681F2}.Release|Any CPU.Build.0 = Release|Any CPU
		{1A5D8803-D1D1-4AA8-8348-DCEDC24B17A1}.Debug|Any CPU.ActiveCfg = Debug|Any CPU
		{1A5D8803-D1D1-4AA8-8348-DCEDC24B17A1}.Debug|Any CPU.Build.0 = Debug|Any CPU
		{1A5D8803-D1D1-4AA8-8348-DCEDC24B17A1}.Release|Any CPU.ActiveCfg = Release|Any CPU
		{1A5D8803-D1D1-4AA8-8348-DCEDC24B17A1}.Release|Any CPU.Build.0 = Release|Any CPU
		{FF0E63F6-64E4-4BD6-9D45-CBCEF405882E}.Debug|Any CPU.ActiveCfg = Debug|Any CPU
		{FF0E63F6-64E4-4BD6-9D45-CBCEF405882E}.Debug|Any CPU.Build.0 = Debug|Any CPU
		{FF0E63F6-64E4-4BD6-9D45-CBCEF405882E}.Release|Any CPU.ActiveCfg = Release|Any CPU
		{FF0E63F6-64E4-4BD6-9D45-CBCEF405882E}.Release|Any CPU.Build.0 = Release|Any CPU
		{55C1B2D8-7A49-4704-96EB-F5FFD7C039B5}.Debug|Any CPU.ActiveCfg = Debug|Any CPU
		{55C1B2D8-7A49-4704-96EB-F5FFD7C039B5}.Debug|Any CPU.Build.0 = Debug|Any CPU
		{55C1B2D8-7A49-4704-96EB-F5FFD7C039B5}.Release|Any CPU.ActiveCfg = Release|Any CPU
		{55C1B2D8-7A49-4704-96EB-F5FFD7C039B5}.Release|Any CPU.Build.0 = Release|Any CPU
		{3363F6A6-D24B-4755-8852-8AA48D831589}.Debug|Any CPU.ActiveCfg = Debug|Any CPU
		{3363F6A6-D24B-4755-8852-8AA48D831589}.Debug|Any CPU.Build.0 = Debug|Any CPU
		{3363F6A6-D24B-4755-8852-8AA48D831589}.Release|Any CPU.ActiveCfg = Release|Any CPU
		{3363F6A6-D24B-4755-8852-8AA48D831589}.Release|Any CPU.Build.0 = Release|Any CPU
		{315CC45D-8C4F-46E9-A552-8664BA7614B4}.Debug|Any CPU.ActiveCfg = Debug|Any CPU
		{315CC45D-8C4F-46E9-A552-8664BA7614B4}.Debug|Any CPU.Build.0 = Debug|Any CPU
		{315CC45D-8C4F-46E9-A552-8664BA7614B4}.Release|Any CPU.ActiveCfg = Release|Any CPU
		{315CC45D-8C4F-46E9-A552-8664BA7614B4}.Release|Any CPU.Build.0 = Release|Any CPU
	EndGlobalSection
	GlobalSection(NestedProjects) = preSolution
		{5B8CA87E-A72B-4BCC-A555-70853D6EAB06} = {86D93BD1-BFD0-4CC8-B0A5-2118C55A3A1E}
		{86D93BD1-BFD0-4CC8-B0A5-2118C55A3A1E} = {DDC72A8F-B814-4EEA-924C-F4F3B0F0A68A}
		{3BAA229B-097A-41C2-AB93-CB48A49F3EDB} = {DDC72A8F-B814-4EEA-924C-F4F3B0F0A68A}
		{924EF255-3F39-4046-9B02-B3D78F9D7137} = {3BAA229B-097A-41C2-AB93-CB48A49F3EDB}
		{D27C06E6-05E5-4A27-A0E5-158C0C849437} = {3BAA229B-097A-41C2-AB93-CB48A49F3EDB}
		{CC3DEF44-93BA-410C-AB82-30B61BB5E8EA} = {3BAA229B-097A-41C2-AB93-CB48A49F3EDB}
		{3ED99724-EAFF-4FA8-8A6C-0C7F663681F2} = {3BAA229B-097A-41C2-AB93-CB48A49F3EDB}
		{1A5D8803-D1D1-4AA8-8348-DCEDC24B17A1} = {DDC72A8F-B814-4EEA-924C-F4F3B0F0A68A}
		{C23D83DC-5E50-4CE7-A96E-53EEC3E47DF0} = {DDC72A8F-B814-4EEA-924C-F4F3B0F0A68A}
		{FF0E63F6-64E4-4BD6-9D45-CBCEF405882E} = {C23D83DC-5E50-4CE7-A96E-53EEC3E47DF0}
		{55C1B2D8-7A49-4704-96EB-F5FFD7C039B5} = {C23D83DC-5E50-4CE7-A96E-53EEC3E47DF0}
		{3363F6A6-D24B-4755-8852-8AA48D831589} = {C23D83DC-5E50-4CE7-A96E-53EEC3E47DF0}
		{315CC45D-8C4F-46E9-A552-8664BA7614B4} = {C23D83DC-5E50-4CE7-A96E-53EEC3E47DF0}
	EndGlobalSection
EndGlobal
